
Microsoft Visual Studio Solution File, Format Version 12.00
# Visual Studio for Mac
Project("{FAE04EC0-301F-11D3-BF4B-00C04F79EFBC}") = "Assembly-CSharp", "Assembly-CSharp.csproj", "{4BF53E9E-FE81-02E5-678B-C2EDDD891CA1}"
EndProject
Project("{FAE04EC0-301F-11D3-BF4B-00C04F79EFBC}") = "Assembly-CSharp-Editor", "Assembly-CSharp-Editor.csproj", "{08F86961-73B8-73AD-81F4-825CC70D094A}"
EndProject
Global
	GlobalSection(SolutionConfigurationPlatforms) = preSolution
		Debug|Any CPU = Debug|Any CPU
		Release|Any CPU = Release|Any CPU
	EndGlobalSection
	GlobalSection(ProjectConfigurationPlatforms) = postSolution
		{4BF53E9E-FE81-02E5-678B-C2EDDD891CA1}.Debug|Any CPU.ActiveCfg = Debug|Any CPU
		{4BF53E9E-FE81-02E5-678B-C2EDDD891CA1}.Debug|Any CPU.Build.0 = Debug|Any CPU
		{4BF53E9E-FE81-02E5-678B-C2EDDD891CA1}.Release|Any CPU.ActiveCfg = Release|Any CPU
		{4BF53E9E-FE81-02E5-678B-C2EDDD891CA1}.Release|Any CPU.Build.0 = Release|Any CPU
		{08F86961-73B8-73AD-81F4-825CC70D094A}.Debug|Any CPU.ActiveCfg = Debug|Any CPU
		{08F86961-73B8-73AD-81F4-825CC70D094A}.Debug|Any CPU.Build.0 = Debug|Any CPU
		{08F86961-73B8-73AD-81F4-825CC70D094A}.Release|Any CPU.ActiveCfg = Release|Any CPU
		{08F86961-73B8-73AD-81F4-825CC70D094A}.Release|Any CPU.Build.0 = Release|Any CPU
	EndGlobalSection
	GlobalSection(SolutionProperties) = preSolution
		HideSolutionNode = FALSE
	EndGlobalSection
EndGlobal
